
Microsoft Visual Studio Solution File, Format Version 12.00
# Visual Studio Version 17
VisualStudioVersion = 17.4.33205.214
MinimumVisualStudioVersion = 10.0.40219.1
Project("{FAE04EC0-301F-11D3-BF4B-00C04F79EFBC}") = "WebAPI-Train4", "WebAPI-Train4\WebAPI-Train4.csproj", "{96601905-DF8D-4046-8666-A6ECBEC51404}"
EndProject
Global
	GlobalSection(SolutionConfigurationPlatforms) = preSolution
		Debug|Any CPU = Debug|Any CPU
		Release|Any CPU = Release|Any CPU
	EndGlobalSection
	GlobalSection(ProjectConfigurationPlatforms) = postSolution
		{96601905-DF8D-4046-8666-A6ECBEC51404}.Debug|Any CPU.ActiveCfg = Debug|Any CPU
		{96601905-DF8D-4046-8666-A6ECBEC51404}.Debug|Any CPU.Build.0 = Debug|Any CPU
		{96601905-DF8D-4046-8666-A6ECBEC51404}.Release|Any CPU.ActiveCfg = Release|Any CPU
		{96601905-DF8D-4046-8666-A6ECBEC51404}.Release|Any CPU.Build.0 = Release|Any CPU
	EndGlobalSection
	GlobalSection(SolutionProperties) = preSolution
		HideSolutionNode = FALSE
	EndGlobalSection
	GlobalSection(ExtensibilityGlobals) = postSolution
		SolutionGuid = {32583AE4-A8CB-4AFE-B744-BE5467524863}
	EndGlobalSection
EndGlobal
